
Microsoft Visual Studio Solution File, Format Version 12.00
# Visual Studio 15
VisualStudioVersion = 15.0.27130.2010
MinimumVisualStudioVersion = 10.0.40219.1
Project("{FAE04EC0-301F-11D3-BF4B-00C04F79EFBC}") = "StringLibrary", "StringLibrary\StringLibrary.csproj", "{C3E2183F-3D89-490D-B63D-E8B9586A4135}"
EndProject
Project("{FAE04EC0-301F-11D3-BF4B-00C04F79EFBC}") = "StringLibraryTest", "StringLibraryTest\StringLibraryTest.csproj", "{D332156D-0360-4849-AD73-912DCB568E5B}"
EndProject
Project("{FAE04EC0-301F-11D3-BF4B-00C04F79EFBC}") = "ShowCase", "ShowCase\ShowCase.csproj", "{864D7B36-A996-401E-BBE4-3825D685D87E}"
EndProject
Global
	GlobalSection(SolutionConfigurationPlatforms) = preSolution
		Debug|Any CPU = Debug|Any CPU
		Release|Any CPU = Release|Any CPU
	EndGlobalSection
	GlobalSection(ProjectConfigurationPlatforms) = postSolution
		{C3E2183F-3D89-490D-B63D-E8B9586A4135}.Debug|Any CPU.ActiveCfg = Debug|Any CPU
		{C3E2183F-3D89-490D-B63D-E8B9586A4135}.Debug|Any CPU.Build.0 = Debug|Any CPU
		{C3E2183F-3D89-490D-B63D-E8B9586A4135}.Release|Any CPU.ActiveCfg = Release|Any CPU
		{C3E2183F-3D89-490D-B63D-E8B9586A4135}.Release|Any CPU.Build.0 = Release|Any CPU
		{D332156D-0360-4849-AD73-912DCB568E5B}.Debug|Any CPU.ActiveCfg = Debug|Any CPU
		{D332156D-0360-4849-AD73-912DCB568E5B}.Debug|Any CPU.Build.0 = Debug|Any CPU
		{D332156D-0360-4849-AD73-912DCB568E5B}.Release|Any CPU.ActiveCfg = Release|Any CPU
		{D332156D-0360-4849-AD73-912DCB568E5B}.Release|Any CPU.Build.0 = Release|Any CPU
		{864D7B36-A996-401E-BBE4-3825D685D87E}.Debug|Any CPU.ActiveCfg = Debug|Any CPU
		{864D7B36-A996-401E-BBE4-3825D685D87E}.Debug|Any CPU.Build.0 = Debug|Any CPU
		{864D7B36-A996-401E-BBE4-3825D685D87E}.Release|Any CPU.ActiveCfg = Release|Any CPU
		{864D7B36-A996-401E-BBE4-3825D685D87E}.Release|Any CPU.Build.0 = Release|Any CPU
	EndGlobalSection
	GlobalSection(SolutionProperties) = preSolution
		HideSolutionNode = FALSE
	EndGlobalSection
	GlobalSection(ExtensibilityGlobals) = postSolution
		SolutionGuid = {F9E35230-778A-4F12-A066-E6AA45B512CA}
	EndGlobalSection
EndGlobal
