
Microsoft Visual Studio Solution File, Format Version 12.00
# Visual Studio 15
VisualStudioVersion = 15.0.27130.2026
MinimumVisualStudioVersion = 10.0.40219.1
Project("{9A19103F-16F7-4668-BE54-9A1E7A4F7556}") = "ReflectingBlankClass", "ReflectingBlankClass\ReflectingBlankClass.csproj", "{EA3F9CA7-1CFF-4C60-B740-497FA7BC2D19}"
EndProject
Project("{9A19103F-16F7-4668-BE54-9A1E7A4F7556}") = "Publications", "InheritanceExample\Publications.csproj", "{5A696297-8695-4F23-AD73-54563E3B8E41}"
EndProject
Project("{FAE04EC0-301F-11D3-BF4B-00C04F79EFBC}") = "Shapes", "Shapes\Shapes.csproj", "{719F5E2D-53C8-499D-88E0-B6FA5D0EF80E}"
EndProject
Global
	GlobalSection(SolutionConfigurationPlatforms) = preSolution
		Debug|Any CPU = Debug|Any CPU
		Release|Any CPU = Release|Any CPU
	EndGlobalSection
	GlobalSection(ProjectConfigurationPlatforms) = postSolution
		{EA3F9CA7-1CFF-4C60-B740-497FA7BC2D19}.Debug|Any CPU.ActiveCfg = Debug|Any CPU
		{EA3F9CA7-1CFF-4C60-B740-497FA7BC2D19}.Debug|Any CPU.Build.0 = Debug|Any CPU
		{EA3F9CA7-1CFF-4C60-B740-497FA7BC2D19}.Release|Any CPU.ActiveCfg = Release|Any CPU
		{EA3F9CA7-1CFF-4C60-B740-497FA7BC2D19}.Release|Any CPU.Build.0 = Release|Any CPU
		{5A696297-8695-4F23-AD73-54563E3B8E41}.Debug|Any CPU.ActiveCfg = Debug|Any CPU
		{5A696297-8695-4F23-AD73-54563E3B8E41}.Debug|Any CPU.Build.0 = Debug|Any CPU
		{5A696297-8695-4F23-AD73-54563E3B8E41}.Release|Any CPU.ActiveCfg = Release|Any CPU
		{5A696297-8695-4F23-AD73-54563E3B8E41}.Release|Any CPU.Build.0 = Release|Any CPU
		{719F5E2D-53C8-499D-88E0-B6FA5D0EF80E}.Debug|Any CPU.ActiveCfg = Debug|Any CPU
		{719F5E2D-53C8-499D-88E0-B6FA5D0EF80E}.Debug|Any CPU.Build.0 = Debug|Any CPU
		{719F5E2D-53C8-499D-88E0-B6FA5D0EF80E}.Release|Any CPU.ActiveCfg = Release|Any CPU
		{719F5E2D-53C8-499D-88E0-B6FA5D0EF80E}.Release|Any CPU.Build.0 = Release|Any CPU
	EndGlobalSection
	GlobalSection(SolutionProperties) = preSolution
		HideSolutionNode = FALSE
	EndGlobalSection
	GlobalSection(ExtensibilityGlobals) = postSolution
		SolutionGuid = {DE6E4B74-6B1F-4F22-9BC3-4768341BE4F4}
	EndGlobalSection
EndGlobal
