
Microsoft Visual Studio Solution File, Format Version 12.00
# Visual Studio 15
VisualStudioVersion = 15.0.27130.2010
MinimumVisualStudioVersion = 10.0.40219.1
Project("{FAE04EC0-301F-11D3-BF4B-00C04F79EFBC}") = "tour-of-dotnet", "tour-of-dotnet\tour-of-dotnet.csproj", "{BD9E05A6-5CF7-479F-8A7E-BCC1C7362E6A}"
EndProject
Global
	GlobalSection(SolutionConfigurationPlatforms) = preSolution
		Debug|Any CPU = Debug|Any CPU
		Release|Any CPU = Release|Any CPU
	EndGlobalSection
	GlobalSection(ProjectConfigurationPlatforms) = postSolution
		{BD9E05A6-5CF7-479F-8A7E-BCC1C7362E6A}.Debug|Any CPU.ActiveCfg = Debug|Any CPU
		{BD9E05A6-5CF7-479F-8A7E-BCC1C7362E6A}.Debug|Any CPU.Build.0 = Debug|Any CPU
		{BD9E05A6-5CF7-479F-8A7E-BCC1C7362E6A}.Release|Any CPU.ActiveCfg = Release|Any CPU
		{BD9E05A6-5CF7-479F-8A7E-BCC1C7362E6A}.Release|Any CPU.Build.0 = Release|Any CPU
	EndGlobalSection
	GlobalSection(SolutionProperties) = preSolution
		HideSolutionNode = FALSE
	EndGlobalSection
	GlobalSection(ExtensibilityGlobals) = postSolution
		SolutionGuid = {0711D3B3-6501-471F-A843-27B7946968F5}
	EndGlobalSection
EndGlobal
